
Microsoft Visual Studio Solution File, Format Version 12.00
# Visual Studio Version 16
VisualStudioVersion = 16.0.30621.155
MinimumVisualStudioVersion = 10.0.40219.1
Project("{FAE04EC0-301F-11D3-BF4B-00C04F79EFBC}") = "01_Types", "01_Types\01_Types.csproj", "{3811457C-FF56-4C7B-BEF2-8E73CE1BC816}"
EndProject
Project("{FAE04EC0-301F-11D3-BF4B-00C04F79EFBC}") = "02_Conditionals", "02_Conditionals\02_Conditionals.csproj", "{2682C9D0-FAAA-4FCF-82ED-457DEDB140A8}"
EndProject
Project("{FAE04EC0-301F-11D3-BF4B-00C04F79EFBC}") = "03_Loops", "03_Loops\03_Loops.csproj", "{CA5C2A1C-8D66-4A93-ACFF-854FE4DDC8EE}"
EndProject
Project("{FAE04EC0-301F-11D3-BF4B-00C04F79EFBC}") = "04_Methods", "04_Methods\04_Methods.csproj", "{D985F181-F69A-44FF-BB40-F5202A7794C7}"
EndProject
Project("{FAE04EC0-301F-11D3-BF4B-00C04F79EFBC}") = "05_Classes", "05_Classes\05_Classes.csproj", "{412E761A-69CD-4CAD-B139-5F1CD8109FE1}"
EndProject
Global
	GlobalSection(SolutionConfigurationPlatforms) = preSolution
		Debug|Any CPU = Debug|Any CPU
		Release|Any CPU = Release|Any CPU
	EndGlobalSection
	GlobalSection(ProjectConfigurationPlatforms) = postSolution
		{3811457C-FF56-4C7B-BEF2-8E73CE1BC816}.Debug|Any CPU.ActiveCfg = Debug|Any CPU
		{3811457C-FF56-4C7B-BEF2-8E73CE1BC816}.Debug|Any CPU.Build.0 = Debug|Any CPU
		{3811457C-FF56-4C7B-BEF2-8E73CE1BC816}.Release|Any CPU.ActiveCfg = Release|Any CPU
		{3811457C-FF56-4C7B-BEF2-8E73CE1BC816}.Release|Any CPU.Build.0 = Release|Any CPU
		{2682C9D0-FAAA-4FCF-82ED-457DEDB140A8}.Debug|Any CPU.ActiveCfg = Debug|Any CPU
		{2682C9D0-FAAA-4FCF-82ED-457DEDB140A8}.Debug|Any CPU.Build.0 = Debug|Any CPU
		{2682C9D0-FAAA-4FCF-82ED-457DEDB140A8}.Release|Any CPU.ActiveCfg = Release|Any CPU
		{2682C9D0-FAAA-4FCF-82ED-457DEDB140A8}.Release|Any CPU.Build.0 = Release|Any CPU
		{CA5C2A1C-8D66-4A93-ACFF-854FE4DDC8EE}.Debug|Any CPU.ActiveCfg = Debug|Any CPU
		{CA5C2A1C-8D66-4A93-ACFF-854FE4DDC8EE}.Debug|Any CPU.Build.0 = Debug|Any CPU
		{CA5C2A1C-8D66-4A93-ACFF-854FE4DDC8EE}.Release|Any CPU.ActiveCfg = Release|Any CPU
		{CA5C2A1C-8D66-4A93-ACFF-854FE4DDC8EE}.Release|Any CPU.Build.0 = Release|Any CPU
		{D985F181-F69A-44FF-BB40-F5202A7794C7}.Debug|Any CPU.ActiveCfg = Debug|Any CPU
		{D985F181-F69A-44FF-BB40-F5202A7794C7}.Debug|Any CPU.Build.0 = Debug|Any CPU
		{D985F181-F69A-44FF-BB40-F5202A7794C7}.Release|Any CPU.ActiveCfg = Release|Any CPU
		{D985F181-F69A-44FF-BB40-F5202A7794C7}.Release|Any CPU.Build.0 = Release|Any CPU
		{412E761A-69CD-4CAD-B139-5F1CD8109FE1}.Debug|Any CPU.ActiveCfg = Debug|Any CPU
		{412E761A-69CD-4CAD-B139-5F1CD8109FE1}.Debug|Any CPU.Build.0 = Debug|Any CPU
		{412E761A-69CD-4CAD-B139-5F1CD8109FE1}.Release|Any CPU.ActiveCfg = Release|Any CPU
		{412E761A-69CD-4CAD-B139-5F1CD8109FE1}.Release|Any CPU.Build.0 = Release|Any CPU
	EndGlobalSection
	GlobalSection(SolutionProperties) = preSolution
		HideSolutionNode = FALSE
	EndGlobalSection
	GlobalSection(ExtensibilityGlobals) = postSolution
		SolutionGuid = {C8764000-E630-467E-B35D-648EDBF041EF}
	EndGlobalSection
EndGlobal
